
Microsoft Visual Studio Solution File, Format Version 12.00
# Visual Studio 15
VisualStudioVersion = 15.0.28307.2017
MinimumVisualStudioVersion = 10.0.40219.1
Project("{8BC9CEB8-8B4A-11D0-8D11-00A0C91BC942}") = "扫雷图形库版", "扫雷图形库版\扫雷图形库版.vcxproj", "{C30A3989-B0D0-4E21-B7E5-F2CBD1B96FDC}"
EndProject
Global
	GlobalSection(SolutionConfigurationPlatforms) = preSolution
		Debug|x64 = Debug|x64
		Debug|x86 = Debug|x86
		Release|x64 = Release|x64
		Release|x86 = Release|x86
	EndGlobalSection
	GlobalSection(ProjectConfigurationPlatforms) = postSolution
		{C30A3989-B0D0-4E21-B7E5-F2CBD1B96FDC}.Debug|x64.ActiveCfg = Debug|x64
		{C30A3989-B0D0-4E21-B7E5-F2CBD1B96FDC}.Debug|x64.Build.0 = Debug|x64
		{C30A3989-B0D0-4E21-B7E5-F2CBD1B96FDC}.Debug|x86.ActiveCfg = Debug|Win32
		{C30A3989-B0D0-4E21-B7E5-F2CBD1B96FDC}.Debug|x86.Build.0 = Debug|Win32
		{C30A3989-B0D0-4E21-B7E5-F2CBD1B96FDC}.Release|x64.ActiveCfg = Release|x64
		{C30A3989-B0D0-4E21-B7E5-F2CBD1B96FDC}.Release|x64.Build.0 = Release|x64
		{C30A3989-B0D0-4E21-B7E5-F2CBD1B96FDC}.Release|x86.ActiveCfg = Release|Win32
		{C30A3989-B0D0-4E21-B7E5-F2CBD1B96FDC}.Release|x86.Build.0 = Release|Win32
	EndGlobalSection
	GlobalSection(SolutionProperties) = preSolution
		HideSolutionNode = FALSE
	EndGlobalSection
	GlobalSection(ExtensibilityGlobals) = postSolution
		SolutionGuid = {BC54C48D-4F5A-48FF-A95B-9A54F03B2F8F}
	EndGlobalSection
EndGlobal
